
Microsoft Visual Studio Solution File, Format Version 12.00
Project("{FAE04EC0-301F-11D3-BF4B-00C04F79EFBC}") = "Aula06", "Aula06\Aula06.csproj", "{36D97691-CD6C-4916-81A7-DB47E21E4E8D}"
EndProject
Global
	GlobalSection(SolutionConfigurationPlatforms) = preSolution
		Debug|Any CPU = Debug|Any CPU
		Release|Any CPU = Release|Any CPU
	EndGlobalSection
	GlobalSection(ProjectConfigurationPlatforms) = postSolution
		{36D97691-CD6C-4916-81A7-DB47E21E4E8D}.Debug|Any CPU.ActiveCfg = Debug|Any CPU
		{36D97691-CD6C-4916-81A7-DB47E21E4E8D}.Debug|Any CPU.Build.0 = Debug|Any CPU
		{36D97691-CD6C-4916-81A7-DB47E21E4E8D}.Release|Any CPU.ActiveCfg = Release|Any CPU
		{36D97691-CD6C-4916-81A7-DB47E21E4E8D}.Release|Any CPU.Build.0 = Release|Any CPU
	EndGlobalSection
EndGlobal
